<?xml version="1.0" encoding="utf-8"?>
<Project ToolsVersion="4.0" xmlns="http://schemas.microsoft.com/developer/msbuild/2003">
  <ItemGroup>
    <Filter Include="소스 파일">
      <UniqueIdentifier>{4FC737F1-C7A5-4376-A066-2A32D752A2FF}</UniqueIdentifier>
      <Extensions>cpp;c;cc;cxx;c++;cppm;ixx;def;odl;idl;hpj;bat;asm;asmx</Extensions>
    </Filter>
    <Filter Include="헤더 파일">
      <UniqueIdentifier>{93995380-89BD-4b04-88EB-625FBE52EBFB}</UniqueIdentifier>
      <Extensions>h;hh;hpp;hxx;h++;hm;inl;inc;ipp;xsd</Extensions>
    </Filter>
    <Filter Include="리소스 파일">
      <UniqueIdentifier>{67DA6AB6-F800-4c08-8B7A-83BB121AAD01}</UniqueIdentifier>
      <Extensions>rc;ico;cur;bmp;dlg;rc2;rct;bin;rgs;gif;jpg;jpeg;jpe;resx;tiff;tif;png;wav;mfcribbon-ms</Extensions>
    </Filter>
    <Filter Include="기초">
      <UniqueIdentifier>{d747a337-48c2-47f0-bd68-29a6d3558d8f}</UniqueIdentifier>
    </Filter>
    <Filter Include="이론">
      <UniqueIdentifier>{46bb0730-7295-4bad-8194-431641e20dfe}</UniqueIdentifier>
    </Filter>
    <Filter Include="연습 문제">
      <UniqueIdentifier>{5a1a6c4d-0e6a-477c-a9ed-f24683a86ad8}</UniqueIdentifier>
    </Filter>
  </ItemGroup>
  <ItemGroup>
    <ClCompile Include="06.Basic.cpp">
      <Filter>기초</Filter>
    </ClCompile>
    <ClCompile Include="01.CPlus.cpp">
      <Filter>이론</Filter>
    </ClCompile>
    <ClCompile Include="02.iostream.cpp">
      <Filter>이론</Filter>
    </ClCompile>
    <ClCompile Include="03.namespace.cpp">
      <Filter>이론</Filter>
    </ClCompile>
    <ClCompile Include="04.Data.cpp">
      <Filter>이론</Filter>
    </ClCompile>
    <ClCompile Include="05.String io.cpp">
      <Filter>이론</Filter>
    </ClCompile>
    <ClCompile Include="랜덤 사다리.cpp">
      <Filter>연습 문제</Filter>
    </ClCompile>
    <ClCompile Include="09.reference.cpp">
      <Filter>이론</Filter>
    </ClCompile>
    <ClCompile Include="10.pointer and reference.cpp">
      <Filter>이론</Filter>
    </ClCompile>
    <ClCompile Include="참조자 연습문제.cpp">
      <Filter>연습 문제</Filter>
    </ClCompile>
    <ClCompile Include="11. new delete.cpp">
      <Filter>이론</Filter>
    </ClCompile>
    <ClCompile Include="12.Class.cpp">
      <Filter>이론</Filter>
    </ClCompile>
    <ClCompile Include="07.Basic2.cpp">
      <Filter>기초</Filter>
    </ClCompile>
    <ClCompile Include="08.Basic3.cpp">
      <Filter>기초</Filter>
    </ClCompile>
    <ClCompile Include="13.Basic4.cpp">
      <Filter>기초</Filter>
    </ClCompile>
    <ClCompile Include="함수 연습문제.cpp">
      <Filter>연습 문제</Filter>
    </ClCompile>
    <ClCompile Include="14.Class2.cpp">
      <Filter>이론</Filter>
    </ClCompile>
    <ClCompile Include="15.Class3.cpp">
      <Filter>이론</Filter>
    </ClCompile>
    <ClCompile Include="16.Class4.cpp">
      <Filter>이론</Filter>
    </ClCompile>
    <ClCompile Include="관계연습문제.cpp">
      <Filter>연습 문제</Filter>
    </ClCompile>
    <ClCompile Include="관계연습문제2.cpp">
      <Filter>연습 문제</Filter>
    </ClCompile>
    <ClCompile Include="17.상속 마무리.cpp">
      <Filter>이론</Filter>
    </ClCompile>
    <ClCompile Include="18.가상 함수.cpp">
      <Filter>이론</Filter>
    </ClCompile>
    <ClCompile Include="19.연산자 오버로딩.cpp">
      <Filter>이론</Filter>
    </ClCompile>
    <ClCompile Include="연산자 오버로딩 트레이닝.cpp">
      <Filter>연습 문제</Filter>
    </ClCompile>
  </ItemGroup>
  <ItemGroup>
    <ClInclude Include="Header.h">
      <Filter>헤더 파일</Filter>
    </ClInclude>
  </ItemGroup>
</Project>